
Microsoft Visual Studio Solution File, Format Version 12.00
# Visual Studio Version 16
VisualStudioVersion = 16.0.32106.194
MinimumVisualStudioVersion = 10.0.40219.1
Project("{2150E333-8FDC-42A3-9474-1A3956D46DE8}") = "Services", "Services", "{04CAF6BC-EFB1-4D3D-9C64-A475D84FAA2C}"
EndProject
Project("{2150E333-8FDC-42A3-9474-1A3956D46DE8}") = "Catlog", "Catlog", "{D8586F87-C9FB-4C90-945F-88C92AC9FE7B}"
EndProject
Project("{FAE04EC0-301F-11D3-BF4B-00C04F79EFBC}") = "Catlog.API", "Services\Catlog\Catlog.API\Catlog.API.csproj", "{BAE786EA-D220-4B94-BD23-9FA977859E1E}"
EndProject
Global
	GlobalSection(SolutionConfigurationPlatforms) = preSolution
		Debug|Any CPU = Debug|Any CPU
		Release|Any CPU = Release|Any CPU
	EndGlobalSection
	GlobalSection(ProjectConfigurationPlatforms) = postSolution
		{BAE786EA-D220-4B94-BD23-9FA977859E1E}.Debug|Any CPU.ActiveCfg = Debug|Any CPU
		{BAE786EA-D220-4B94-BD23-9FA977859E1E}.Debug|Any CPU.Build.0 = Debug|Any CPU
		{BAE786EA-D220-4B94-BD23-9FA977859E1E}.Release|Any CPU.ActiveCfg = Release|Any CPU
		{BAE786EA-D220-4B94-BD23-9FA977859E1E}.Release|Any CPU.Build.0 = Release|Any CPU
	EndGlobalSection
	GlobalSection(SolutionProperties) = preSolution
		HideSolutionNode = FALSE
	EndGlobalSection
	GlobalSection(NestedProjects) = preSolution
		{D8586F87-C9FB-4C90-945F-88C92AC9FE7B} = {04CAF6BC-EFB1-4D3D-9C64-A475D84FAA2C}
		{BAE786EA-D220-4B94-BD23-9FA977859E1E} = {D8586F87-C9FB-4C90-945F-88C92AC9FE7B}
	EndGlobalSection
	GlobalSection(ExtensibilityGlobals) = postSolution
		SolutionGuid = {2C7F4FBE-8B5C-43BB-84ED-CF9931119B1F}
	EndGlobalSection
EndGlobal
